{
  "name": "electron-admin",
  "version": "1.0.0",
  "lockfileVersion": 1,
  "requires": true,
  "dependencies": {
    "electro": {
      "version": "2.1.1",
      "resolved": "https://registry.npmjs.org/electro/-/electro-2.1.1.tgz",
      "integrity": "sha512-FJ24HKE/GGjvD14lBMcMerS3uIGag1SzOLD03L779bAaTi8uzcM8la06yqCO0vHG7gH0hufF9mL0K69+5a625w==",
      "dev": true,
      "requires": {
        "minimist": "~1.2.0",
        "subarg": "^1.0.0"
      }
    },
    "minimist": {
      "version": "1.2.6",
      "resolved": "https://registry.npmjs.org/minimist/-/minimist-1.2.6.tgz",
      "integrity": "sha512-Jsjnk4bw3YJqYzbdyBiNsPWHPfO++UGG749Cxs6peCu5Xg4nrena6OVxOYxrQTqww0Jmwt+Ref8rggumkTLz9Q==",
      "dev": true
    },
    "subarg": {
      "version": "1.0.0",
      "resolved": "https://registry.npmjs.org/subarg/-/subarg-1.0.0.tgz",
      "integrity": "sha512-RIrIdRY0X1xojthNcVtgT9sjpOGagEUKpZdgBUi054OEPFo282yg+zE+t1Rj3+RqKq2xStL7uUHhY+AjbC4BXg==",
      "dev": true,
      "requires": {
        "minimist": "^1.1.0"
      }
    }
  }
}
